// !$*UTF8*$!
{
	archiveVersion = 1;
	classes = {
	};
	objectVersion = 46;
	objects = {

/* Begin PBXBuildFile section */
		03C00A001CDCDC0D007E9F19 /* AppDelegate.swift in Sources */ = {isa = PBXBuildFile; fileRef = 03C009FF1CDCDC0D007E9F19 /* AppDelegate.swift */; };
		03C00A021CDCDC0D007E9F19 /* ViewController.swift in Sources */ = {isa = PBXBuildFile; fileRef = 03C00A011CDCDC0D007E9F19 /* ViewController.swift */; };
		03C00A051CDCDC0D007E9F19 /* Main.storyboard in Resources */ = {isa = PBXBuildFile; fileRef = 03C00A031CDCDC0D007E9F19 /* Main.storyboard */; };
		03C00A081CDCDC0D007E9F19 /* test.xcdatamodeld in Sources */ = {isa = PBXBuildFile; fileRef = 03C00A061CDCDC0D007E9F19 /* test.xcdatamodeld */; };
		03C00A0A1CDCDC0D007E9F19 /* Assets.xcassets in Resources */ = {isa = PBXBuildFile; fileRef = 03C00A091CDCDC0D007E9F19 /* Assets.xcassets */; };
		03C00A0D1CDCDC0D007E9F19 /* LaunchScreen.storyboard in Resources */ = {isa = PBXBuildFile; fileRef = 03C00A0B1CDCDC0D007E9F19 /* LaunchScreen.storyboard */; };
		03C00A181CDCDC0D007E9F19 /* testTests.swift in Sources */ = {isa = PBXBuildFile; fileRef = 03C00A171CDCDC0D007E9F19 /* testTests.swift */; };
		03C00A231CDCDC0D007E9F19 /* testUITests.swift in Sources */ = {isa = PBXBuildFile; fileRef = 03C00A221CDCDC0D007E9F19 /* testUITests.swift */; };
		03C00A311CDCF04E007E9F19 /* File.swift in Sources */ = {isa = PBXBuildFile; fileRef = 03C00A301CDCF04E007E9F19 /* File.swift */; };
/* End PBXBuildFile section */

/* Begin PBXContainerItemProxy section */
		03C00A141CDCDC0D007E9F19 /* PBXContainerItemProxy */ = {
			isa = PBXContainerItemProxy;
			containerPortal = 03C009F41CDCDC0D007E9F19 /* Project object */;
			proxyType = 1;
			remoteGlobalIDString = 03C009FB1CDCDC0D007E9F19;
			remoteInfo = test;
		};
		03C00A1F1CDCDC0D007E9F19 /* PBXContainerItemProxy */ = {
			isa = PBXContainerItemProxy;
			containerPortal = 03C009F41CDCDC0D007E9F19 /* Project object */;
			proxyType = 1;
			remoteGlobalIDString = 03C009FB1CDCDC0D007E9F19;
			remoteInfo = test;
		};
/* End PBXContainerItemProxy section */

/* Begin PBXFileReference section */
		03C009FC1CDCDC0D007E9F19 /* test.app */ = {isa = PBXFileReference; explicitFileType = wrapper.application; includeInIndex = 0; path = test.app; sourceTree = BUILT_PRODUCTS_DIR; };
		03C009FF1CDCDC0D007E9F19 /* AppDelegate.swift */ = {isa = PBXFileReference; lastKnownFileType = sourcecode.swift; path = AppDelegate.swift; sourceTree = "<group>"; };
		03C00A011CDCDC0D007E9F19 /* ViewController.swift */ = {isa = PBXFileReference; lastKnownFileType = sourcecode.swift; path = ViewController.swift; sourceTree = "<group>"; };
		03C00A041CDCDC0D007E9F19 /* Base */ = {isa = PBXFileReference; lastKnownFileType = file.storyboard; name = Base; path = Base.lproj/Main.storyboard; sourceTree = "<group>"; };
		03C00A071CDCDC0D007E9F19 /* test.xcdatamodel */ = {isa = PBXFileReference; lastKnownFileType = wrapper.xcdatamodel; path = test.xcdatamodel; sourceTree = "<group>"; };
		03C00A091CDCDC0D007E9F19 /* Assets.xcassets */ = {isa = PBXFileReference; lastKnownFileType = folder.assetcatalog; path = Assets.xcassets; sourceTree = "<group>"; };
		03C00A0C1CDCDC0D007E9F19 /* Base */ = {isa = PBXFileReference; lastKnownFileType = file.storyboard; name = Base; path = Base.lproj/LaunchScreen.storyboard; sourceTree = "<group>"; };
		03C00A0E1CDCDC0D007E9F19 /* Info.plist */ = {isa = PBXFileReference; lastKnownFileType = text.plist.xml; path = Info.plist; sourceTree = "<group>"; };
		03C00A131CDCDC0D007E9F19 /* testTests.xctest */ = {isa = PBXFileReference; explicitFileType = wrapper.cfbundle; includeInIndex = 0; path = testTests.xctest; sourceTree = BUILT_PRODUCTS_DIR; };
		03C00A171CDCDC0D007E9F19 /* testTests.swift */ = {isa = PBXFileReference; lastKnownFileType = sourcecode.swift; path = testTests.swift; sourceTree = "<group>"; };
		03C00A191CDCDC0D007E9F19 /* Info.plist */ = {isa = PBXFileReference; lastKnownFileType = text.plist.xml; path = Info.plist; sourceTree = "<group>"; };
		03C00A1E1CDCDC0D007E9F19 /* testUITests.xctest */ = {isa = PBXFileReference; explicitFileType = wrapper.cfbundle; includeInIndex = 0; path = testUITests.xctest; sourceTree = BUILT_PRODUCTS_DIR; };
		03C00A221CDCDC0D007E9F19 /* testUITests.swift */ = {isa = PBXFileReference; lastKnownFileType = sourcecode.swift; path = testUITests.swift; sourceTree = "<group>"; };
		03C00A241CDCDC0D007E9F19 /* Info.plist */ = {isa = PBXFileReference; lastKnownFileType = text.plist.xml; path = Info.plist; sourceTree = "<group>"; };
		03C00A301CDCF04E007E9F19 /* File.swift */ = {isa = PBXFileReference; fileEncoding = 4; lastKnownFileType = sourcecode.swift; name = File.swift; path = test/File.swift; sourceTree = "<group>"; };
/* End PBXFileReference section */

/* Begin PBXFrameworksBuildPhase section */
		03C009F91CDCDC0D007E9F19 /* Frameworks */ = {
			isa = PBXFrameworksBuildPhase;
			buildActionMask = 2147483647;
			files = (
			);
			runOnlyForDeploymentPostprocessing = 0;
		};
		03C00A101CDCDC0D007E9F19 /* Frameworks */ = {
			isa = PBXFrameworksBuildPhase;
			buildActionMask = 2147483647;
			files = (
			);
			runOnlyForDeploymentPostprocessing = 0;
		};
		03C00A1B1CDCDC0D007E9F19 /* Frameworks */ = {
			isa = PBXFrameworksBuildPhase;
			buildActionMask = 2147483647;
			files = (
			);
			runOnlyForDeploymentPostprocessing = 0;
		};
/* End PBXFrameworksBuildPhase section */

/* Begin PBXGroup section */
		03C009F31CDCDC0D007E9F19 = {
			isa = PBXGroup;
			children = (
				03C00A301CDCF04E007E9F19 /* File.swift */,
				03C009FE1CDCDC0D007E9F19 /* test */,
				03C00A161CDCDC0D007E9F19 /* testTests */,
				03C00A211CDCDC0D007E9F19 /* testUITests */,
				03C009FD1CDCDC0D007E9F19 /* Products */,
			);
			sourceTree = "<group>";
		};
		03C009FD1CDCDC0D007E9F19 /* Products */ = {
			isa = PBXGroup;
			children = (
				03C009FC1CDCDC0D007E9F19 /* test.app */,
				03C00A131CDCDC0D007E9F19 /* testTests.xctest */,
				03C00A1E1CDCDC0D007E9F19 /* testUITests.xctest */,
			);
			name = Products;
			sourceTree = "<group>";
		};
		03C009FE1CDCDC0D007E9F19 /* test */ = {
			isa = PBXGroup;
			children = (
				03C009FF1CDCDC0D007E9F19 /* AppDelegate.swift */,
				03C00A011CDCDC0D007E9F19 /* ViewController.swift */,
				03C00A031CDCDC0D007E9F19 /* Main.storyboard */,
				03C00A091CDCDC0D007E9F19 /* Assets.xcassets */,
				03C00A0B1CDCDC0D007E9F19 /* LaunchScreen.storyboard */,
				03C00A0E1CDCDC0D007E9F19 /* Info.plist */,
				03C00A061CDCDC0D007E9F19 /* test.xcdatamodeld */,
			);
			path = test;
			sourceTree = "<group>";
		};
		03C00A161CDCDC0D007E9F19 /* testTests */ = {
			isa = PBXGroup;
			children = (
				03C00A171CDCDC0D007E9F19 /* testTests.swift */,
				03C00A191CDCDC0D007E9F19 /* Info.plist */,
			);
			path = testTests;
			sourceTree = "<group>";
		};
		03C00A211CDCDC0D007E9F19 /* testUITests */ = {
			isa = PBXGroup;
			children = (
				03C00A221CDCDC0D007E9F19 /* testUITests.swift */,
				03C00A241CDCDC0D007E9F19 /* Info.plist */,
			);
			path = testUITests;
			sourceTree = "<group>";
		};
/* End PBXGroup section */

/* Begin PBXNativeTarget section */
		03C009FB1CDCDC0D007E9F19 /* test */ = {
			isa = PBXNativeTarget;
			buildConfigurationList = 03C00A271CDCDC0D007E9F19 /* Build configuration list for PBXNativeTarget "test" */;
			buildPhases = (
				03C009F81CDCDC0D007E9F19 /* Sources */,
				03C009F91CDCDC0D007E9F19 /* Frameworks */,
				03C009FA1CDCDC0D007E9F19 /* Resources */,
			);
			buildRules = (
			);
			dependencies = (
			);
			name = test;
			productName = test;
			productReference = 03C009FC1CDCDC0D007E9F19 /* test.app */;
			productType = "com.apple.product-type.application";
		};
		03C00A121CDCDC0D007E9F19 /* testTests */ = {
			isa = PBXNativeTarget;
			buildConfigurationList = 03C00A2A1CDCDC0D007E9F19 /* Build configuration list for PBXNativeTarget "testTests" */;
			buildPhases = (
				03C00A0F1CDCDC0D007E9F19 /* Sources */,
				03C00A101CDCDC0D007E9F19 /* Frameworks */,
				03C00A111CDCDC0D007E9F19 /* Resources */,
			);
			buildRules = (
			);
			dependencies = (
				03C00A151CDCDC0D007E9F19 /* PBXTargetDependency */,
			);
			name = testTests;
			productName = testTests;
			productReference = 03C00A131CDCDC0D007E9F19 /* testTests.xctest */;
			productType = "com.apple.product-type.bundle.unit-test";
		};
		03C00A1D1CDCDC0D007E9F19 /* testUITests */ = {
			isa = PBXNativeTarget;
			buildConfigurationList = 03C00A2D1CDCDC0D007E9F19 /* Build configuration list for PBXNativeTarget "testUITests" */;
			buildPhases = (
				03C00A1A1CDCDC0D007E9F19 /* Sources */,
				03C00A1B1CDCDC0D007E9F19 /* Frameworks */,
				03C00A1C1CDCDC0D007E9F19 /* Resources */,
			);
			buildRules = (
			);
			dependencies = (
				03C00A201CDCDC0D007E9F19 /* PBXTargetDependency */,
			);
			name = testUITests;
			productName = testUITests;
			productReference = 03C00A1E1CDCDC0D007E9F19 /* testUITests.xctest */;
			productType = "com.apple.product-type.bundle.ui-testing";
		};
/* End PBXNativeTarget section */

/* Begin PBXProject section */
		03C009F41CDCDC0D007E9F19 /* Project object */ = {
			isa = PBXProject;
			attributes = {
				LastSwiftUpdateCheck = 0730;
				LastUpgradeCheck = 0730;
				ORGANIZATIONNAME = Da;
				TargetAttributes = {
					03C009FB1CDCDC0D007E9F19 = {
						CreatedOnToolsVersion = 7.3;
					};
					03C00A121CDCDC0D007E9F19 = {
						CreatedOnToolsVersion = 7.3;
						TestTargetID = 03C009FB1CDCDC0D007E9F19;
					};
					03C00A1D1CDCDC0D007E9F19 = {
						CreatedOnToolsVersion = 7.3;
						TestTargetID = 03C009FB1CDCDC0D007E9F19;
					};
				};
			};
			buildConfigurationList = 03C009F71CDCDC0D007E9F19 /* Build configuration list for PBXProject "test" */;
			compatibilityVersion = "Xcode 3.2";
			developmentRegion = English;
			hasScannedForEncodings = 0;
			knownRegions = (
				en,
				Base,
			);
			mainGroup = 03C009F31CDCDC0D007E9F19;
			productRefGroup = 03C009FD1CDCDC0D007E9F19 /* Products */;
			projectDirPath = "";
			projectRoot = "";
			targets = (
				03C009FB1CDCDC0D007E9F19 /* test */,
				03C00A121CDCDC0D007E9F19 /* testTests */,
				03C00A1D1CDCDC0D007E9F19 /* testUITests */,
			);
		};
/* End PBXProject section */

/* Begin PBXResourcesBuildPhase section */
		03C009FA1CDCDC0D007E9F19 /* Resources */ = {
			isa = PBXResourcesBuildPhase;
			buildActionMask = 2147483647;
			files = (
				03C00A0D1CDCDC0D007E9F19 /* LaunchScreen.storyboard in Resources */,
				03C00A0A1CDCDC0D007E9F19 /* Assets.xcassets in Resources */,
				03C00A051CDCDC0D007E9F19 /* Main.storyboard in Resources */,
			);
			runOnlyForDeploymentPostprocessing = 0;
		};
		03C00A111CDCDC0D007E9F19 /* Resources */ = {
			isa = PBXResourcesBuildPhase;
			buildActionMask = 2147483647;
			files = (
			);
			runOnlyForDeploymentPostprocessing = 0;
		};
		03C00A1C1CDCDC0D007E9F19 /* Resources */ = {
			isa = PBXResourcesBuildPhase;
			buildActionMask = 2147483647;
			files = (
			);
			runOnlyForDeploymentPostprocessing = 0;
		};
/* End PBXResourcesBuildPhase section */

/* Begin PBXSourcesBuildPhase section */
		03C009F81CDCDC0D007E9F19 /* Sources */ = {
			isa = PBXSourcesBuildPhase;
			buildActionMask = 2147483647;
			files = (
				03C00A021CDCDC0D007E9F19 /* ViewController.swift in Sources */,
				03C00A311CDCF04E007E9F19 /* File.swift in Sources */,
				03C00A001CDCDC0D007E9F19 /* AppDelegate.swift in Sources */,
				03C00A081CDCDC0D007E9F19 /* test.xcdatamodeld in Sources */,
			);
			runOnlyForDeploymentPostprocessing = 0;
		};
		03C00A0F1CDCDC0D007E9F19 /* Sources */ = {
			isa = PBXSourcesBuildPhase;
			buildActionMask = 2147483647;
			files = (
				03C00A181CDCDC0D007E9F19 /* testTests.swift in Sources */,
			);
			runOnlyForDeploymentPostprocessing = 0;
		};
		03C00A1A1CDCDC0D007E9F19 /* Sources */ = {
			isa = PBXSourcesBuildPhase;
			buildActionMask = 2147483647;
			files = (
				03C00A231CDCDC0D007E9F19 /* testUITests.swift in Sources */,
			);
			runOnlyForDeploymentPostprocessing = 0;
		};
/* End PBXSourcesBuildPhase section */

/* Begin PBXTargetDependency section */
		03C00A151CDCDC0D007E9F19 /* PBXTargetDependency */ = {
			isa = PBXTargetDependency;
			target = 03C009FB1CDCDC0D007E9F19 /* test */;
			targetProxy = 03C00A141CDCDC0D007E9F19 /* PBXContainerItemProxy */;
		};
		03C00A201CDCDC0D007E9F19 /* PBXTargetDependency */ = {
			isa = PBXTargetDependency;
			target = 03C009FB1CDCDC0D007E9F19 /* test */;
			targetProxy = 03C00A1F1CDCDC0D007E9F19 /* PBXContainerItemProxy */;
		};
/* End PBXTargetDependency section */

/* Begin PBXVariantGroup section */
		03C00A031CDCDC0D007E9F19 /* Main.storyboard */ = {
			isa = PBXVariantGroup;
			children = (
				03C00A041CDCDC0D007E9F19 /* Base */,
			);
			name = Main.storyboard;
			sourceTree = "<group>";
		};
		03C00A0B1CDCDC0D007E9F19 /* LaunchScreen.storyboard */ = {
			isa = PBXVariantGroup;
			children = (
				03C00A0C1CDCDC0D007E9F19 /* Base */,
			);
			name = LaunchScreen.storyboard;
			sourceTree = "<group>";
		};
/* End PBXVariantGroup section */

/* Begin XCBuildConfiguration section */
		03C00A251CDCDC0D007E9F19 /* Debug */ = {
			isa = XCBuildConfiguration;
			buildSettings = {
				ALWAYS_SEARCH_USER_PATHS = NO;
				CLANG_ANALYZER_NONNULL = YES;
				CLANG_CXX_LANGUAGE_STANDARD = "gnu++0x";
				CLANG_CXX_LIBRARY = "libc++";
				CLANG_ENABLE_MODULES = YES;
				CLANG_ENABLE_OBJC_ARC = YES;
				CLANG_WARN_BOOL_CONVERSION = YES;
				CLANG_WARN_CONSTANT_CONVERSION = YES;
				CLANG_WARN_DIRECT_OBJC_ISA_USAGE = YES_ERROR;
				CLANG_WARN_EMPTY_BODY = YES;
				CLANG_WARN_ENUM_CONVERSION = YES;
				CLANG_WARN_INT_CONVERSION = YES;
				CLANG_WARN_OBJC_ROOT_CLASS = YES_ERROR;
				CLANG_WARN_UNREACHABLE_CODE = YES;
				CLANG_WARN__DUPLICATE_METHOD_MATCH = YES;
				"CODE_SIGN_IDENTITY[sdk=iphoneos*]" = "iPhone Developer";
				COPY_PHASE_STRIP = NO;
				DEBUG_INFORMATION_FORMAT = dwarf;
				ENABLE_STRICT_OBJC_MSGSEND = YES;
				ENABLE_TESTABILITY = YES;
				GCC_C_LANGUAGE_STANDARD = gnu99;
				GCC_DYNAMIC_NO_PIC = NO;
				GCC_NO_COMMON_BLOCKS = YES;
				GCC_OPTIMIZATION_LEVEL = 0;
				GCC_PREPROCESSOR_DEFINITIONS = (
					"DEBUG=1",
					"$(inherited)",
				);
				GCC_WARN_64_TO_32_BIT_CONVERSION = YES;
				GCC_WARN_ABOUT_RETURN_TYPE = YES_ERROR;
				GCC_WARN_UNDECLARED_SELECTOR = YES;
				GCC_WARN_UNINITIALIZED_AUTOS = YES_AGGRESSIVE;
				GCC_WARN_UNUSED_FUNCTION = YES;
				GCC_WARN_UNUSED_VARIABLE = YES;
				IPHONEOS_DEPLOYMENT_TARGET = 9.3;
				MTL_ENABLE_DEBUG_INFO = YES;
				ONLY_ACTIVE_ARCH = YES;
				SDKROOT = iphoneos;
				SWIFT_OPTIMIZATION_LEVEL = "-Onone";
			};
			name = Debug;
		};
		03C00A261CDCDC0D007E9F19 /* Release */ = {
			isa = XCBuildConfiguration;
			buildSettings = {
				ALWAYS_SEARCH_USER_PATHS = NO;
				CLANG_ANALYZER_NONNULL = YES;
				CLANG_CXX_LANGUAGE_STANDARD = "gnu++0x";
				CLANG_CXX_LIBRARY = "libc++";
				CLANG_ENABLE_MODULES = YES;
				CLANG_ENABLE_OBJC_ARC = YES;
				CLANG_WARN_BOOL_CONVERSION = YES;
				CLANG_WARN_CONSTANT_CONVERSION = YES;
				CLANG_WARN_DIRECT_OBJC_ISA_USAGE = YES_ERROR;
				CLANG_WARN_EMPTY_BODY = YES;
				CLANG_WARN_ENUM_CONVERSION = YES;
				CLANG_WARN_INT_CONVERSION = YES;
				CLANG_WARN_OBJC_ROOT_CLASS = YES_ERROR;
				CLANG_WARN_UNREACHABLE_CODE = YES;
				CLANG_WARN__DUPLICATE_METHOD_MATCH = YES;
				"CODE_SIGN_IDENTITY[sdk=iphoneos*]" = "iPhone Developer";
				COPY_PHASE_STRIP = NO;
				DEBUG_INFORMATION_FORMAT = "dwarf-with-dsym";
				ENABLE_NS_ASSERTIONS = NO;
				ENABLE_STRICT_OBJC_MSGSEND = YES;
				GCC_C_LANGUAGE_STANDARD = gnu99;
				GCC_NO_COMMON_BLOCKS = YES;
				GCC_WARN_64_TO_32_BIT_CONVERSION = YES;
				GCC_WARN_ABOUT_RETURN_TYPE = YES_ERROR;
				GCC_WARN_UNDECLARED_SELECTOR = YES;
				GCC_WARN_UNINITIALIZED_AUTOS = YES_AGGRESSIVE;
				GCC_WARN_UNUSED_FUNCTION = YES;
				GCC_WARN_UNUSED_VARIABLE = YES;
				IPHONEOS_DEPLOYMENT_TARGET = 9.3;
				MTL_ENABLE_DEBUG_INFO = NO;
				SDKROOT = iphoneos;
				VALIDATE_PRODUCT = YES;
			};
			name = Release;
		};
		03C00A281CDCDC0D007E9F19 /* Debug */ = {
			isa = XCBuildConfiguration;
			buildSettings = {
				ASSETCATALOG_COMPILER_APPICON_NAME = AppIcon;
				INFOPLIST_FILE = test/Info.plist;
				LD_RUNPATH_SEARCH_PATHS = "$(inherited) @executable_path/Frameworks";
				PRODUCT_BUNDLE_IDENTIFIER = com.test.test;
				PRODUCT_NAME = "$(TARGET_NAME)";
			};
			name = Debug;
		};
		03C00A291CDCDC0D007E9F19 /* Release */ = {
			isa = XCBuildConfiguration;
			buildSettings = {
				ASSETCATALOG_COMPILER_APPICON_NAME = AppIcon;
				INFOPLIST_FILE = test/Info.plist;
				LD_RUNPATH_SEARCH_PATHS = "$(inherited) @executable_path/Frameworks";
				PRODUCT_BUNDLE_IDENTIFIER = com.test.test;
				PRODUCT_NAME = "$(TARGET_NAME)";
			};
			name = Release;
		};
		03C00A2B1CDCDC0D007E9F19 /* Debug */ = {
			isa = XCBuildConfiguration;
			buildSettings = {
				BUNDLE_LOADER = "$(TEST_HOST)";
				INFOPLIST_FILE = testTests/Info.plist;
				LD_RUNPATH_SEARCH_PATHS = "$(inherited) @executable_path/Frameworks @loader_path/Frameworks";
				PRODUCT_BUNDLE_IDENTIFIER = com.test.testTests;
				PRODUCT_NAME = "$(TARGET_NAME)";
				TEST_HOST = "$(BUILT_PRODUCTS_DIR)/test.app/test";
			};
			name = Debug;
		};
		03C00A2C1CDCDC0D007E9F19 /* Release */ = {
			isa = XCBuildConfiguration;
			buildSettings = {
				BUNDLE_LOADER = "$(TEST_HOST)";
				INFOPLIST_FILE = testTests/Info.plist;
				LD_RUNPATH_SEARCH_PATHS = "$(inherited) @executable_path/Frameworks @loader_path/Frameworks";
				PRODUCT_BUNDLE_IDENTIFIER = com.test.testTests;
				PRODUCT_NAME = "$(TARGET_NAME)";
				TEST_HOST = "$(BUILT_PRODUCTS_DIR)/test.app/test";
			};
			name = Release;
		};
		03C00A2E1CDCDC0D007E9F19 /* Debug */ = {
			isa = XCBuildConfiguration;
			buildSettings = {
				INFOPLIST_FILE = testUITests/Info.plist;
				LD_RUNPATH_SEARCH_PATHS = "$(inherited) @executable_path/Frameworks @loader_path/Frameworks";
				PRODUCT_BUNDLE_IDENTIFIER = com.test.testUITests;
				PRODUCT_NAME = "$(TARGET_NAME)";
				TEST_TARGET_NAME = test;
			};
			name = Debug;
		};
		03C00A2F1CDCDC0D007E9F19 /* Release */ = {
			isa = XCBuildConfiguration;
			buildSettings = {
				INFOPLIST_FILE = testUITests/Info.plist;
				LD_RUNPATH_SEARCH_PATHS = "$(inherited) @executable_path/Frameworks @loader_path/Frameworks";
				PRODUCT_BUNDLE_IDENTIFIER = com.test.testUITests;
				PRODUCT_NAME = "$(TARGET_NAME)";
				TEST_TARGET_NAME = test;
			};
			name = Release;
		};
/* End XCBuildConfiguration section */

/* Begin XCConfigurationList section */
		03C009F71CDCDC0D007E9F19 /* Build configuration list for PBXProject "test" */ = {
			isa = XCConfigurationList;
			buildConfigurations = (
				03C00A251CDCDC0D007E9F19 /* Debug */,
				03C00A261CDCDC0D007E9F19 /* Release */,
			);
			defaultConfigurationIsVisible = 0;
			defaultConfigurationName = Release;
		};
		03C00A271CDCDC0D007E9F19 /* Build configuration list for PBXNativeTarget "test" */ = {
			isa = XCConfigurationList;
			buildConfigurations = (
				03C00A281CDCDC0D007E9F19 /* Debug */,
				03C00A291CDCDC0D007E9F19 /* Release */,
			);
			defaultConfigurationIsVisible = 0;
		};
		03C00A2A1CDCDC0D007E9F19 /* Build configuration list for PBXNativeTarget "testTests" */ = {
			isa = XCConfigurationList;
			buildConfigurations = (
				03C00A2B1CDCDC0D007E9F19 /* Debug */,
				03C00A2C1CDCDC0D007E9F19 /* Release */,
			);
			defaultConfigurationIsVisible = 0;
		};
		03C00A2D1CDCDC0D007E9F19 /* Build configuration list for PBXNativeTarget "testUITests" */ = {
			isa = XCConfigurationList;
			buildConfigurations = (
				03C00A2E1CDCDC0D007E9F19 /* Debug */,
				03C00A2F1CDCDC0D007E9F19 /* Release */,
			);
			defaultConfigurationIsVisible = 0;
		};
/* End XCConfigurationList section */

/* Begin XCVersionGroup section */
		03C00A061CDCDC0D007E9F19 /* test.xcdatamodeld */ = {
			isa = XCVersionGroup;
			children = (
				03C00A071CDCDC0D007E9F19 /* test.xcdatamodel */,
			);
			currentVersion = 03C00A071CDCDC0D007E9F19 /* test.xcdatamodel */;
			path = test.xcdatamodeld;
			sourceTree = "<group>";
			versionGroupType = wrapper.xcdatamodel;
		};
/* End XCVersionGroup section */
	};
	rootObject = 03C009F41CDCDC0D007E9F19 /* Project object */;
}
